
Microsoft Visual Studio Solution File, Format Version 12.00
# Visual Studio Version 17
VisualStudioVersion = 17.6.33717.318
MinimumVisualStudioVersion = 10.0.40219.1
Project("{FAE04EC0-301F-11D3-BF4B-00C04F79EFBC}") = "Projectkulsys", "Projectkulsys\Projectkulsys.csproj", "{A210B2C7-DAC9-4E2B-A020-4BF45732165D}"
EndProject
Global
	GlobalSection(SolutionConfigurationPlatforms) = preSolution
		Debug|Any CPU = Debug|Any CPU
		Release|Any CPU = Release|Any CPU
	EndGlobalSection
	GlobalSection(ProjectConfigurationPlatforms) = postSolution
		{A210B2C7-DAC9-4E2B-A020-4BF45732165D}.Debug|Any CPU.ActiveCfg = Debug|Any CPU
		{A210B2C7-DAC9-4E2B-A020-4BF45732165D}.Debug|Any CPU.Build.0 = Debug|Any CPU
		{A210B2C7-DAC9-4E2B-A020-4BF45732165D}.Release|Any CPU.ActiveCfg = Release|Any CPU
		{A210B2C7-DAC9-4E2B-A020-4BF45732165D}.Release|Any CPU.Build.0 = Release|Any CPU
	EndGlobalSection
	GlobalSection(SolutionProperties) = preSolution
		HideSolutionNode = FALSE
	EndGlobalSection
	GlobalSection(ExtensibilityGlobals) = postSolution
		SolutionGuid = {0586979C-4C95-447D-8F22-625336CEA184}
	EndGlobalSection
EndGlobal
